// !$*UTF8*$!
{
	archiveVersion = 1;
	classes = {
	};
	objectVersion = 50;
	objects = {

/* Begin PBXBuildFile section */
		C137C30F23B58605002D1834 /* CGRect+ScaledForCropping.swift in Sources */ = {isa = PBXBuildFile; fileRef = C137C30E23B58605002D1834 /* CGRect+ScaledForCropping.swift */; };
		C137C31123B58642002D1834 /* Mentor.swift in Sources */ = {isa = PBXBuildFile; fileRef = C137C31023B58642002D1834 /* Mentor.swift */; };
		C137C31923B58B49002D1834 /* MentorGlass.storyboard in Resources */ = {isa = PBXBuildFile; fileRef = C137C31823B58B49002D1834 /* MentorGlass.storyboard */; };
		C137C31B23B5924F002D1834 /* Launch Screen.storyboard in Resources */ = {isa = PBXBuildFile; fileRef = C137C31A23B5924F002D1834 /* Launch Screen.storyboard */; };
		C1AB874823B6DAA700BB588B /* MentorGlassViewModel.swift in Sources */ = {isa = PBXBuildFile; fileRef = C1AB874723B6DAA700BB588B /* MentorGlassViewModel.swift */; };
		C1AB874A23B6DAB100BB588B /* MentorGlassModel.swift in Sources */ = {isa = PBXBuildFile; fileRef = C1AB874923B6DAB100BB588B /* MentorGlassModel.swift */; };
		C1AB874E23B6DB1F00BB588B /* RxCocoa.framework in Frameworks */ = {isa = PBXBuildFile; fileRef = C1AB874B23B6DB1F00BB588B /* RxCocoa.framework */; };
		C1AB874F23B6DB1F00BB588B /* RxCocoa.framework in Embed Frameworks */ = {isa = PBXBuildFile; fileRef = C1AB874B23B6DB1F00BB588B /* RxCocoa.framework */; settings = {ATTRIBUTES = (CodeSignOnCopy, RemoveHeadersOnCopy, ); }; };
		C1AB875023B6DB1F00BB588B /* RxSwift.framework in Frameworks */ = {isa = PBXBuildFile; fileRef = C1AB874C23B6DB1F00BB588B /* RxSwift.framework */; };
		C1AB875123B6DB1F00BB588B /* RxSwift.framework in Embed Frameworks */ = {isa = PBXBuildFile; fileRef = C1AB874C23B6DB1F00BB588B /* RxSwift.framework */; settings = {ATTRIBUTES = (CodeSignOnCopy, RemoveHeadersOnCopy, ); }; };
		C1AB875223B6DB1F00BB588B /* RxRelay.framework in Frameworks */ = {isa = PBXBuildFile; fileRef = C1AB874D23B6DB1F00BB588B /* RxRelay.framework */; };
		C1AB875323B6DB1F00BB588B /* RxRelay.framework in Embed Frameworks */ = {isa = PBXBuildFile; fileRef = C1AB874D23B6DB1F00BB588B /* RxRelay.framework */; settings = {ATTRIBUTES = (CodeSignOnCopy, RemoveHeadersOnCopy, ); }; };
		C1DE413323B5A04C007871DF /* MentorGlass5.mlmodel in Sources */ = {isa = PBXBuildFile; fileRef = C1DE413223B5A04C007871DF /* MentorGlass5.mlmodel */; };
		C1F17E6C23B46170005E3960 /* AppDelegate.swift in Sources */ = {isa = PBXBuildFile; fileRef = C1F17E6B23B46170005E3960 /* AppDelegate.swift */; };
		C1F17E7023B46170005E3960 /* MentorGlassViewController.swift in Sources */ = {isa = PBXBuildFile; fileRef = C1F17E6F23B46170005E3960 /* MentorGlassViewController.swift */; };
		C1F17E7523B46175005E3960 /* Assets.xcassets in Resources */ = {isa = PBXBuildFile; fileRef = C1F17E7423B46175005E3960 /* Assets.xcassets */; };
/* End PBXBuildFile section */

/* Begin PBXCopyFilesBuildPhase section */
		C1AB875423B6DB2000BB588B /* Embed Frameworks */ = {
			isa = PBXCopyFilesBuildPhase;
			buildActionMask = 2147483647;
			dstPath = "";
			dstSubfolderSpec = 10;
			files = (
				C1AB875123B6DB1F00BB588B /* RxSwift.framework in Embed Frameworks */,
				C1AB874F23B6DB1F00BB588B /* RxCocoa.framework in Embed Frameworks */,
				C1AB875323B6DB1F00BB588B /* RxRelay.framework in Embed Frameworks */,
			);
			name = "Embed Frameworks";
			runOnlyForDeploymentPostprocessing = 0;
		};
/* End PBXCopyFilesBuildPhase section */

/* Begin PBXFileReference section */
		C137C30E23B58605002D1834 /* CGRect+ScaledForCropping.swift */ = {isa = PBXFileReference; lastKnownFileType = sourcecode.swift; path = "CGRect+ScaledForCropping.swift"; sourceTree = "<group>"; };
		C137C31023B58642002D1834 /* Mentor.swift */ = {isa = PBXFileReference; lastKnownFileType = sourcecode.swift; path = Mentor.swift; sourceTree = "<group>"; };
		C137C31423B58711002D1834 /* SnapKit.framework */ = {isa = PBXFileReference; lastKnownFileType = wrapper.framework; name = SnapKit.framework; path = Carthage/Build/iOS/SnapKit.framework; sourceTree = "<group>"; };
		C137C31823B58B49002D1834 /* MentorGlass.storyboard */ = {isa = PBXFileReference; lastKnownFileType = file.storyboard; path = MentorGlass.storyboard; sourceTree = "<group>"; };
		C137C31A23B5924F002D1834 /* Launch Screen.storyboard */ = {isa = PBXFileReference; lastKnownFileType = file.storyboard; path = "Launch Screen.storyboard"; sourceTree = "<group>"; };
		C1AB874723B6DAA700BB588B /* MentorGlassViewModel.swift */ = {isa = PBXFileReference; lastKnownFileType = sourcecode.swift; path = MentorGlassViewModel.swift; sourceTree = "<group>"; };
		C1AB874923B6DAB100BB588B /* MentorGlassModel.swift */ = {isa = PBXFileReference; lastKnownFileType = sourcecode.swift; path = MentorGlassModel.swift; sourceTree = "<group>"; };
		C1AB874B23B6DB1F00BB588B /* RxCocoa.framework */ = {isa = PBXFileReference; lastKnownFileType = wrapper.framework; name = RxCocoa.framework; path = Carthage/Build/iOS/RxCocoa.framework; sourceTree = "<group>"; };
		C1AB874C23B6DB1F00BB588B /* RxSwift.framework */ = {isa = PBXFileReference; lastKnownFileType = wrapper.framework; name = RxSwift.framework; path = Carthage/Build/iOS/RxSwift.framework; sourceTree = "<group>"; };
		C1AB874D23B6DB1F00BB588B /* RxRelay.framework */ = {isa = PBXFileReference; lastKnownFileType = wrapper.framework; name = RxRelay.framework; path = Carthage/Build/iOS/RxRelay.framework; sourceTree = "<group>"; };
		C1DE413223B5A04C007871DF /* MentorGlass5.mlmodel */ = {isa = PBXFileReference; lastKnownFileType = file.mlmodel; path = MentorGlass5.mlmodel; sourceTree = "<group>"; };
		C1F17E6823B46170005E3960 /* MentorGlass.app */ = {isa = PBXFileReference; explicitFileType = wrapper.application; includeInIndex = 0; path = MentorGlass.app; sourceTree = BUILT_PRODUCTS_DIR; };
		C1F17E6B23B46170005E3960 /* AppDelegate.swift */ = {isa = PBXFileReference; lastKnownFileType = sourcecode.swift; path = AppDelegate.swift; sourceTree = "<group>"; };
		C1F17E6F23B46170005E3960 /* MentorGlassViewController.swift */ = {isa = PBXFileReference; lastKnownFileType = sourcecode.swift; path = MentorGlassViewController.swift; sourceTree = "<group>"; };
		C1F17E7423B46175005E3960 /* Assets.xcassets */ = {isa = PBXFileReference; lastKnownFileType = folder.assetcatalog; path = Assets.xcassets; sourceTree = "<group>"; };
		C1F17E7923B46175005E3960 /* Info.plist */ = {isa = PBXFileReference; lastKnownFileType = text.plist.xml; path = Info.plist; sourceTree = "<group>"; };
/* End PBXFileReference section */

/* Begin PBXFrameworksBuildPhase section */
		C1F17E6523B46170005E3960 /* Frameworks */ = {
			isa = PBXFrameworksBuildPhase;
			buildActionMask = 2147483647;
			files = (
				C1AB875023B6DB1F00BB588B /* RxSwift.framework in Frameworks */,
				C1AB874E23B6DB1F00BB588B /* RxCocoa.framework in Frameworks */,
				C1AB875223B6DB1F00BB588B /* RxRelay.framework in Frameworks */,
			);
			runOnlyForDeploymentPostprocessing = 0;
		};
/* End PBXFrameworksBuildPhase section */

/* Begin PBXGroup section */
		C137C30D23B585E4002D1834 /* Entity */ = {
			isa = PBXGroup;
			children = (
				C137C31023B58642002D1834 /* Mentor.swift */,
			);
			path = Entity;
			sourceTree = "<group>";
		};
		C137C31323B58711002D1834 /* Frameworks */ = {
			isa = PBXGroup;
			children = (
				C1AB874B23B6DB1F00BB588B /* RxCocoa.framework */,
				C1AB874D23B6DB1F00BB588B /* RxRelay.framework */,
				C1AB874C23B6DB1F00BB588B /* RxSwift.framework */,
				C137C31423B58711002D1834 /* SnapKit.framework */,
			);
			name = Frameworks;
			sourceTree = "<group>";
		};
		C1F17E5F23B46170005E3960 = {
			isa = PBXGroup;
			children = (
				C1F17E6A23B46170005E3960 /* MentorGlass */,
				C1F17E6923B46170005E3960 /* Products */,
				C137C31323B58711002D1834 /* Frameworks */,
			);
			sourceTree = "<group>";
		};
		C1F17E6923B46170005E3960 /* Products */ = {
			isa = PBXGroup;
			children = (
				C1F17E6823B46170005E3960 /* MentorGlass.app */,
			);
			name = Products;
			sourceTree = "<group>";
		};
		C1F17E6A23B46170005E3960 /* MentorGlass */ = {
			isa = PBXGroup;
			children = (
				C1F17E8623B57792005E3960 /* App */,
				C1F17E8323B5772F005E3960 /* Views */,
				C137C30D23B585E4002D1834 /* Entity */,
				C1F17E8523B5774C005E3960 /* Extension */,
				C1F17E8423B57736005E3960 /* Resources */,
				C1F17E7923B46175005E3960 /* Info.plist */,
			);
			path = MentorGlass;
			sourceTree = "<group>";
		};
		C1F17E8323B5772F005E3960 /* Views */ = {
			isa = PBXGroup;
			children = (
				C137C31823B58B49002D1834 /* MentorGlass.storyboard */,
				C1F17E6F23B46170005E3960 /* MentorGlassViewController.swift */,
				C1AB874723B6DAA700BB588B /* MentorGlassViewModel.swift */,
				C1AB874923B6DAB100BB588B /* MentorGlassModel.swift */,
			);
			path = Views;
			sourceTree = "<group>";
		};
		C1F17E8423B57736005E3960 /* Resources */ = {
			isa = PBXGroup;
			children = (
				C1DE413223B5A04C007871DF /* MentorGlass5.mlmodel */,
				C1F17E7423B46175005E3960 /* Assets.xcassets */,
				C137C31A23B5924F002D1834 /* Launch Screen.storyboard */,
			);
			path = Resources;
			sourceTree = "<group>";
		};
		C1F17E8523B5774C005E3960 /* Extension */ = {
			isa = PBXGroup;
			children = (
				C137C30E23B58605002D1834 /* CGRect+ScaledForCropping.swift */,
			);
			path = Extension;
			sourceTree = "<group>";
		};
		C1F17E8623B57792005E3960 /* App */ = {
			isa = PBXGroup;
			children = (
				C1F17E6B23B46170005E3960 /* AppDelegate.swift */,
			);
			path = App;
			sourceTree = "<group>";
		};
/* End PBXGroup section */

/* Begin PBXNativeTarget section */
		C1F17E6723B46170005E3960 /* MentorGlass */ = {
			isa = PBXNativeTarget;
			buildConfigurationList = C1F17E7C23B46175005E3960 /* Build configuration list for PBXNativeTarget "MentorGlass" */;
			buildPhases = (
				C1F17E6423B46170005E3960 /* Sources */,
				C1F17E6523B46170005E3960 /* Frameworks */,
				C1F17E6623B46170005E3960 /* Resources */,
				C1AB875423B6DB2000BB588B /* Embed Frameworks */,
				C137C31223B586DA002D1834 /* Run Script - Carthage */,
			);
			buildRules = (
			);
			dependencies = (
			);
			name = MentorGlass;
			productName = MentorGlass;
			productReference = C1F17E6823B46170005E3960 /* MentorGlass.app */;
			productType = "com.apple.product-type.application";
		};
/* End PBXNativeTarget section */

/* Begin PBXProject section */
		C1F17E6023B46170005E3960 /* Project object */ = {
			isa = PBXProject;
			attributes = {
				LastSwiftUpdateCheck = 1130;
				LastUpgradeCheck = 1130;
				ORGANIZATIONNAME = "Ren Matsushita";
				TargetAttributes = {
					C1F17E6723B46170005E3960 = {
						CreatedOnToolsVersion = 11.3;
					};
				};
			};
			buildConfigurationList = C1F17E6323B46170005E3960 /* Build configuration list for PBXProject "MentorGlass" */;
			compatibilityVersion = "Xcode 9.3";
			developmentRegion = en;
			hasScannedForEncodings = 0;
			knownRegions = (
				en,
				Base,
			);
			mainGroup = C1F17E5F23B46170005E3960;
			productRefGroup = C1F17E6923B46170005E3960 /* Products */;
			projectDirPath = "";
			projectRoot = "";
			targets = (
				C1F17E6723B46170005E3960 /* MentorGlass */,
			);
		};
/* End PBXProject section */

/* Begin PBXResourcesBuildPhase section */
		C1F17E6623B46170005E3960 /* Resources */ = {
			isa = PBXResourcesBuildPhase;
			buildActionMask = 2147483647;
			files = (
				C137C31B23B5924F002D1834 /* Launch Screen.storyboard in Resources */,
				C137C31923B58B49002D1834 /* MentorGlass.storyboard in Resources */,
				C1F17E7523B46175005E3960 /* Assets.xcassets in Resources */,
			);
			runOnlyForDeploymentPostprocessing = 0;
		};
/* End PBXResourcesBuildPhase section */

/* Begin PBXShellScriptBuildPhase section */
		C137C31223B586DA002D1834 /* Run Script - Carthage */ = {
			isa = PBXShellScriptBuildPhase;
			buildActionMask = 2147483647;
			files = (
			);
			inputFileListPaths = (
			);
			inputPaths = (
				"$(SRCROOT)/Carthage/Build/iOS/RxSwift.framework",
				"$(SRCROOT)/Carthage/Build/iOS/RxCocoa.framework",
				"$(SRCROOT)/Carthage/Build/iOS/RxRelay.framework",
			);
			name = "Run Script - Carthage";
			outputFileListPaths = (
			);
			outputPaths = (
			);
			runOnlyForDeploymentPostprocessing = 0;
			shellPath = /bin/sh;
			shellScript = "# Type a script or drag a script file from your workspace to insert its path.\n/usr/local/bin/carthage copy-frameworks\n";
		};
/* End PBXShellScriptBuildPhase section */

/* Begin PBXSourcesBuildPhase section */
		C1F17E6423B46170005E3960 /* Sources */ = {
			isa = PBXSourcesBuildPhase;
			buildActionMask = 2147483647;
			files = (
				C1AB874A23B6DAB100BB588B /* MentorGlassModel.swift in Sources */,
				C137C31123B58642002D1834 /* Mentor.swift in Sources */,
				C1F17E7023B46170005E3960 /* MentorGlassViewController.swift in Sources */,
				C137C30F23B58605002D1834 /* CGRect+ScaledForCropping.swift in Sources */,
				C1DE413323B5A04C007871DF /* MentorGlass5.mlmodel in Sources */,
				C1AB874823B6DAA700BB588B /* MentorGlassViewModel.swift in Sources */,
				C1F17E6C23B46170005E3960 /* AppDelegate.swift in Sources */,
			);
			runOnlyForDeploymentPostprocessing = 0;
		};
/* End PBXSourcesBuildPhase section */

/* Begin XCBuildConfiguration section */
		C1F17E7A23B46175005E3960 /* Debug */ = {
			isa = XCBuildConfiguration;
			buildSettings = {
				ALWAYS_SEARCH_USER_PATHS = NO;
				CLANG_ANALYZER_NONNULL = YES;
				CLANG_ANALYZER_NUMBER_OBJECT_CONVERSION = YES_AGGRESSIVE;
				CLANG_CXX_LANGUAGE_STANDARD = "gnu++14";
				CLANG_CXX_LIBRARY = "libc++";
				CLANG_ENABLE_MODULES = YES;
				CLANG_ENABLE_OBJC_ARC = YES;
				CLANG_ENABLE_OBJC_WEAK = YES;
				CLANG_WARN_BLOCK_CAPTURE_AUTORELEASING = YES;
				CLANG_WARN_BOOL_CONVERSION = YES;
				CLANG_WARN_COMMA = YES;
				CLANG_WARN_CONSTANT_CONVERSION = YES;
				CLANG_WARN_DEPRECATED_OBJC_IMPLEMENTATIONS = YES;
				CLANG_WARN_DIRECT_OBJC_ISA_USAGE = YES_ERROR;
				CLANG_WARN_DOCUMENTATION_COMMENTS = YES;
				CLANG_WARN_EMPTY_BODY = YES;
				CLANG_WARN_ENUM_CONVERSION = YES;
				CLANG_WARN_INFINITE_RECURSION = YES;
				CLANG_WARN_INT_CONVERSION = YES;
				CLANG_WARN_NON_LITERAL_NULL_CONVERSION = YES;
				CLANG_WARN_OBJC_IMPLICIT_RETAIN_SELF = YES;
				CLANG_WARN_OBJC_LITERAL_CONVERSION = YES;
				CLANG_WARN_OBJC_ROOT_CLASS = YES_ERROR;
				CLANG_WARN_RANGE_LOOP_ANALYSIS = YES;
				CLANG_WARN_STRICT_PROTOTYPES = YES;
				CLANG_WARN_SUSPICIOUS_MOVE = YES;
				CLANG_WARN_UNGUARDED_AVAILABILITY = YES_AGGRESSIVE;
				CLANG_WARN_UNREACHABLE_CODE = YES;
				CLANG_WARN__DUPLICATE_METHOD_MATCH = YES;
				COPY_PHASE_STRIP = NO;
				DEBUG_INFORMATION_FORMAT = dwarf;
				ENABLE_STRICT_OBJC_MSGSEND = YES;
				ENABLE_TESTABILITY = YES;
				GCC_C_LANGUAGE_STANDARD = gnu11;
				GCC_DYNAMIC_NO_PIC = NO;
				GCC_NO_COMMON_BLOCKS = YES;
				GCC_OPTIMIZATION_LEVEL = 0;
				GCC_PREPROCESSOR_DEFINITIONS = (
					"DEBUG=1",
					"$(inherited)",
				);
				GCC_WARN_64_TO_32_BIT_CONVERSION = YES;
				GCC_WARN_ABOUT_RETURN_TYPE = YES_ERROR;
				GCC_WARN_UNDECLARED_SELECTOR = YES;
				GCC_WARN_UNINITIALIZED_AUTOS = YES_AGGRESSIVE;
				GCC_WARN_UNUSED_FUNCTION = YES;
				GCC_WARN_UNUSED_VARIABLE = YES;
				IPHONEOS_DEPLOYMENT_TARGET = 13.2;
				MTL_ENABLE_DEBUG_INFO = INCLUDE_SOURCE;
				MTL_FAST_MATH = YES;
				ONLY_ACTIVE_ARCH = YES;
				SDKROOT = iphoneos;
				SWIFT_ACTIVE_COMPILATION_CONDITIONS = DEBUG;
				SWIFT_OPTIMIZATION_LEVEL = "-Onone";
			};
			name = Debug;
		};
		C1F17E7B23B46175005E3960 /* Release */ = {
			isa = XCBuildConfiguration;
			buildSettings = {
				ALWAYS_SEARCH_USER_PATHS = NO;
				CLANG_ANALYZER_NONNULL = YES;
				CLANG_ANALYZER_NUMBER_OBJECT_CONVERSION = YES_AGGRESSIVE;
				CLANG_CXX_LANGUAGE_STANDARD = "gnu++14";
				CLANG_CXX_LIBRARY = "libc++";
				CLANG_ENABLE_MODULES = YES;
				CLANG_ENABLE_OBJC_ARC = YES;
				CLANG_ENABLE_OBJC_WEAK = YES;
				CLANG_WARN_BLOCK_CAPTURE_AUTORELEASING = YES;
				CLANG_WARN_BOOL_CONVERSION = YES;
				CLANG_WARN_COMMA = YES;
				CLANG_WARN_CONSTANT_CONVERSION = YES;
				CLANG_WARN_DEPRECATED_OBJC_IMPLEMENTATIONS = YES;
				CLANG_WARN_DIRECT_OBJC_ISA_USAGE = YES_ERROR;
				CLANG_WARN_DOCUMENTATION_COMMENTS = YES;
				CLANG_WARN_EMPTY_BODY = YES;
				CLANG_WARN_ENUM_CONVERSION = YES;
				CLANG_WARN_INFINITE_RECURSION = YES;
				CLANG_WARN_INT_CONVERSION = YES;
				CLANG_WARN_NON_LITERAL_NULL_CONVERSION = YES;
				CLANG_WARN_OBJC_IMPLICIT_RETAIN_SELF = YES;
				CLANG_WARN_OBJC_LITERAL_CONVERSION = YES;
				CLANG_WARN_OBJC_ROOT_CLASS = YES_ERROR;
				CLANG_WARN_RANGE_LOOP_ANALYSIS = YES;
				CLANG_WARN_STRICT_PROTOTYPES = YES;
				CLANG_WARN_SUSPICIOUS_MOVE = YES;
				CLANG_WARN_UNGUARDED_AVAILABILITY = YES_AGGRESSIVE;
				CLANG_WARN_UNREACHABLE_CODE = YES;
				CLANG_WARN__DUPLICATE_METHOD_MATCH = YES;
				COPY_PHASE_STRIP = NO;
				DEBUG_INFORMATION_FORMAT = "dwarf-with-dsym";
				ENABLE_NS_ASSERTIONS = NO;
				ENABLE_STRICT_OBJC_MSGSEND = YES;
				GCC_C_LANGUAGE_STANDARD = gnu11;
				GCC_NO_COMMON_BLOCKS = YES;
				GCC_WARN_64_TO_32_BIT_CONVERSION = YES;
				GCC_WARN_ABOUT_RETURN_TYPE = YES_ERROR;
				GCC_WARN_UNDECLARED_SELECTOR = YES;
				GCC_WARN_UNINITIALIZED_AUTOS = YES_AGGRESSIVE;
				GCC_WARN_UNUSED_FUNCTION = YES;
				GCC_WARN_UNUSED_VARIABLE = YES;
				IPHONEOS_DEPLOYMENT_TARGET = 13.2;
				MTL_ENABLE_DEBUG_INFO = NO;
				MTL_FAST_MATH = YES;
				SDKROOT = iphoneos;
				SWIFT_COMPILATION_MODE = wholemodule;
				SWIFT_OPTIMIZATION_LEVEL = "-O";
				VALIDATE_PRODUCT = YES;
			};
			name = Release;
		};
		C1F17E7D23B46175005E3960 /* Debug */ = {
			isa = XCBuildConfiguration;
			buildSettings = {
				ASSETCATALOG_COMPILER_APPICON_NAME = AppIcon;
				CODE_SIGN_STYLE = Automatic;
				DEVELOPMENT_TEAM = K3WSFBFNGQ;
				FRAMEWORK_SEARCH_PATHS = (
					"$(inherited)",
					"$(PROJECT_DIR)/Carthage/Build/iOS",
				);
				INFOPLIST_FILE = MentorGlass/Info.plist;
				LD_RUNPATH_SEARCH_PATHS = (
					"$(inherited)",
					"@executable_path/Frameworks",
				);
				PRODUCT_BUNDLE_IDENTIFIER = com.ren.MentorGlass;
				PRODUCT_NAME = "$(TARGET_NAME)";
				SWIFT_VERSION = 5.0;
				TARGETED_DEVICE_FAMILY = "1,2";
			};
			name = Debug;
		};
		C1F17E7E23B46175005E3960 /* Release */ = {
			isa = XCBuildConfiguration;
			buildSettings = {
				ASSETCATALOG_COMPILER_APPICON_NAME = AppIcon;
				CODE_SIGN_STYLE = Automatic;
				DEVELOPMENT_TEAM = K3WSFBFNGQ;
				FRAMEWORK_SEARCH_PATHS = (
					"$(inherited)",
					"$(PROJECT_DIR)/Carthage/Build/iOS",
				);
				INFOPLIST_FILE = MentorGlass/Info.plist;
				LD_RUNPATH_SEARCH_PATHS = (
					"$(inherited)",
					"@executable_path/Frameworks",
				);
				PRODUCT_BUNDLE_IDENTIFIER = com.ren.MentorGlass;
				PRODUCT_NAME = "$(TARGET_NAME)";
				SWIFT_VERSION = 5.0;
				TARGETED_DEVICE_FAMILY = "1,2";
			};
			name = Release;
		};
/* End XCBuildConfiguration section */

/* Begin XCConfigurationList section */
		C1F17E6323B46170005E3960 /* Build configuration list for PBXProject "MentorGlass" */ = {
			isa = XCConfigurationList;
			buildConfigurations = (
				C1F17E7A23B46175005E3960 /* Debug */,
				C1F17E7B23B46175005E3960 /* Release */,
			);
			defaultConfigurationIsVisible = 0;
			defaultConfigurationName = Release;
		};
		C1F17E7C23B46175005E3960 /* Build configuration list for PBXNativeTarget "MentorGlass" */ = {
			isa = XCConfigurationList;
			buildConfigurations = (
				C1F17E7D23B46175005E3960 /* Debug */,
				C1F17E7E23B46175005E3960 /* Release */,
			);
			defaultConfigurationIsVisible = 0;
			defaultConfigurationName = Release;
		};
/* End XCConfigurationList section */
	};
	rootObject = C1F17E6023B46170005E3960 /* Project object */;
}
